
Microsoft Visual Studio Solution File, Format Version 12.00
# Visual Studio 15
Project("{FAE04EC0-301F-11D3-BF4B-00C04F79EFBC}") = "Movie", "Movie\Movie.csproj", "{5CCAC745-A38B-4D34-AA8B-C694A224FC63}"
EndProject
Global
	GlobalSection(SolutionConfigurationPlatforms) = preSolution
		Debug|Any CPU = Debug|Any CPU
		Release|Any CPU = Release|Any CPU
	EndGlobalSection
	GlobalSection(ProjectConfigurationPlatforms) = postSolution
		{5CCAC745-A38B-4D34-AA8B-C694A224FC63}.Debug|Any CPU.ActiveCfg = Debug|Any CPU
		{5CCAC745-A38B-4D34-AA8B-C694A224FC63}.Debug|Any CPU.Build.0 = Debug|Any CPU
		{5CCAC745-A38B-4D34-AA8B-C694A224FC63}.Release|Any CPU.ActiveCfg = Release|Any CPU
		{5CCAC745-A38B-4D34-AA8B-C694A224FC63}.Release|Any CPU.Build.0 = Release|Any CPU
	EndGlobalSection
EndGlobal
